// !$*UTF8*$!
{
	archiveVersion = 1;
	classes = {
	};
	objectVersion = 55;
	objects = {

/* Begin PBXBuildFile section */
		1AE1BB68290AA54C00706589 /* AppDelegate.swift in Sources */ = {isa = PBXBuildFile; fileRef = 1AE1BB67290AA54C00706589 /* AppDelegate.swift */; };
		1AE1BB6A290AA54C00706589 /* SceneDelegate.swift in Sources */ = {isa = PBXBuildFile; fileRef = 1AE1BB69290AA54C00706589 /* SceneDelegate.swift */; };
		1AE1BB6C290AA54C00706589 /* ViewController.swift in Sources */ = {isa = PBXBuildFile; fileRef = 1AE1BB6B290AA54C00706589 /* ViewController.swift */; };
		1AE1BB71290AA54E00706589 /* Assets.xcassets in Resources */ = {isa = PBXBuildFile; fileRef = 1AE1BB70290AA54E00706589 /* Assets.xcassets */; };
		1AE1BB74290AA54E00706589 /* LaunchScreen.storyboard in Resources */ = {isa = PBXBuildFile; fileRef = 1AE1BB72290AA54E00706589 /* LaunchScreen.storyboard */; };
		1AE1BB7F290AA54F00706589 /* QiitaAPITestTests.swift in Sources */ = {isa = PBXBuildFile; fileRef = 1AE1BB7E290AA54F00706589 /* QiitaAPITestTests.swift */; };
		1AE1BB89290AA54F00706589 /* QiitaAPITestUITests.swift in Sources */ = {isa = PBXBuildFile; fileRef = 1AE1BB88290AA54F00706589 /* QiitaAPITestUITests.swift */; };
		1AE1BB8B290AA54F00706589 /* QiitaAPITestUITestsLaunchTests.swift in Sources */ = {isa = PBXBuildFile; fileRef = 1AE1BB8A290AA54F00706589 /* QiitaAPITestUITestsLaunchTests.swift */; };
		1AE1BB9B290AAC0300706589 /* QiitaAPIModel.swift in Sources */ = {isa = PBXBuildFile; fileRef = 1AE1BB9A290AAC0300706589 /* QiitaAPIModel.swift */; };
		1AE1BB9D290ABF8D00706589 /* ListViewCell.swift in Sources */ = {isa = PBXBuildFile; fileRef = 1AE1BB9C290ABF8D00706589 /* ListViewCell.swift */; };
/* End PBXBuildFile section */

/* Begin PBXContainerItemProxy section */
		1AE1BB7B290AA54F00706589 /* PBXContainerItemProxy */ = {
			isa = PBXContainerItemProxy;
			containerPortal = 1AE1BB5C290AA54C00706589 /* Project object */;
			proxyType = 1;
			remoteGlobalIDString = 1AE1BB63290AA54C00706589;
			remoteInfo = QiitaAPITest;
		};
		1AE1BB85290AA54F00706589 /* PBXContainerItemProxy */ = {
			isa = PBXContainerItemProxy;
			containerPortal = 1AE1BB5C290AA54C00706589 /* Project object */;
			proxyType = 1;
			remoteGlobalIDString = 1AE1BB63290AA54C00706589;
			remoteInfo = QiitaAPITest;
		};
/* End PBXContainerItemProxy section */

/* Begin PBXFileReference section */
		1AE1BB64290AA54C00706589 /* QiitaAPITest.app */ = {isa = PBXFileReference; explicitFileType = wrapper.application; includeInIndex = 0; path = QiitaAPITest.app; sourceTree = BUILT_PRODUCTS_DIR; };
		1AE1BB67290AA54C00706589 /* AppDelegate.swift */ = {isa = PBXFileReference; lastKnownFileType = sourcecode.swift; path = AppDelegate.swift; sourceTree = "<group>"; };
		1AE1BB69290AA54C00706589 /* SceneDelegate.swift */ = {isa = PBXFileReference; lastKnownFileType = sourcecode.swift; path = SceneDelegate.swift; sourceTree = "<group>"; };
		1AE1BB6B290AA54C00706589 /* ViewController.swift */ = {isa = PBXFileReference; lastKnownFileType = sourcecode.swift; path = ViewController.swift; sourceTree = "<group>"; };
		1AE1BB70290AA54E00706589 /* Assets.xcassets */ = {isa = PBXFileReference; lastKnownFileType = folder.assetcatalog; path = Assets.xcassets; sourceTree = "<group>"; };
		1AE1BB73290AA54E00706589 /* Base */ = {isa = PBXFileReference; lastKnownFileType = file.storyboard; name = Base; path = Base.lproj/LaunchScreen.storyboard; sourceTree = "<group>"; };
		1AE1BB75290AA54E00706589 /* Info.plist */ = {isa = PBXFileReference; lastKnownFileType = text.plist.xml; path = Info.plist; sourceTree = "<group>"; };
		1AE1BB7A290AA54F00706589 /* QiitaAPITestTests.xctest */ = {isa = PBXFileReference; explicitFileType = wrapper.cfbundle; includeInIndex = 0; path = QiitaAPITestTests.xctest; sourceTree = BUILT_PRODUCTS_DIR; };
		1AE1BB7E290AA54F00706589 /* QiitaAPITestTests.swift */ = {isa = PBXFileReference; lastKnownFileType = sourcecode.swift; path = QiitaAPITestTests.swift; sourceTree = "<group>"; };
		1AE1BB84290AA54F00706589 /* QiitaAPITestUITests.xctest */ = {isa = PBXFileReference; explicitFileType = wrapper.cfbundle; includeInIndex = 0; path = QiitaAPITestUITests.xctest; sourceTree = BUILT_PRODUCTS_DIR; };
		1AE1BB88290AA54F00706589 /* QiitaAPITestUITests.swift */ = {isa = PBXFileReference; lastKnownFileType = sourcecode.swift; path = QiitaAPITestUITests.swift; sourceTree = "<group>"; };
		1AE1BB8A290AA54F00706589 /* QiitaAPITestUITestsLaunchTests.swift */ = {isa = PBXFileReference; lastKnownFileType = sourcecode.swift; path = QiitaAPITestUITestsLaunchTests.swift; sourceTree = "<group>"; };
		1AE1BB9A290AAC0300706589 /* QiitaAPIModel.swift */ = {isa = PBXFileReference; lastKnownFileType = sourcecode.swift; path = QiitaAPIModel.swift; sourceTree = "<group>"; };
		1AE1BB9C290ABF8D00706589 /* ListViewCell.swift */ = {isa = PBXFileReference; lastKnownFileType = sourcecode.swift; path = ListViewCell.swift; sourceTree = "<group>"; };
/* End PBXFileReference section */

/* Begin PBXFrameworksBuildPhase section */
		1AE1BB61290AA54C00706589 /* Frameworks */ = {
			isa = PBXFrameworksBuildPhase;
			buildActionMask = 2147483647;
			files = (
			);
			runOnlyForDeploymentPostprocessing = 0;
		};
		1AE1BB77290AA54F00706589 /* Frameworks */ = {
			isa = PBXFrameworksBuildPhase;
			buildActionMask = 2147483647;
			files = (
			);
			runOnlyForDeploymentPostprocessing = 0;
		};
		1AE1BB81290AA54F00706589 /* Frameworks */ = {
			isa = PBXFrameworksBuildPhase;
			buildActionMask = 2147483647;
			files = (
			);
			runOnlyForDeploymentPostprocessing = 0;
		};
/* End PBXFrameworksBuildPhase section */

/* Begin PBXGroup section */
		1AE1BB5B290AA54C00706589 = {
			isa = PBXGroup;
			children = (
				1AE1BB66290AA54C00706589 /* QiitaAPITest */,
				1AE1BB7D290AA54F00706589 /* QiitaAPITestTests */,
				1AE1BB87290AA54F00706589 /* QiitaAPITestUITests */,
				1AE1BB65290AA54C00706589 /* Products */,
			);
			sourceTree = "<group>";
		};
		1AE1BB65290AA54C00706589 /* Products */ = {
			isa = PBXGroup;
			children = (
				1AE1BB64290AA54C00706589 /* QiitaAPITest.app */,
				1AE1BB7A290AA54F00706589 /* QiitaAPITestTests.xctest */,
				1AE1BB84290AA54F00706589 /* QiitaAPITestUITests.xctest */,
			);
			name = Products;
			sourceTree = "<group>";
		};
		1AE1BB66290AA54C00706589 /* QiitaAPITest */ = {
			isa = PBXGroup;
			children = (
				1AE1BB99290AABC500706589 /* Views */,
				1AE1BB98290AAB9700706589 /* Controllers */,
				1AE1BB97290AAB8800706589 /* Models */,
				1AE1BB67290AA54C00706589 /* AppDelegate.swift */,
				1AE1BB69290AA54C00706589 /* SceneDelegate.swift */,
				1AE1BB70290AA54E00706589 /* Assets.xcassets */,
				1AE1BB72290AA54E00706589 /* LaunchScreen.storyboard */,
				1AE1BB75290AA54E00706589 /* Info.plist */,
			);
			path = QiitaAPITest;
			sourceTree = "<group>";
		};
		1AE1BB7D290AA54F00706589 /* QiitaAPITestTests */ = {
			isa = PBXGroup;
			children = (
				1AE1BB7E290AA54F00706589 /* QiitaAPITestTests.swift */,
			);
			path = QiitaAPITestTests;
			sourceTree = "<group>";
		};
		1AE1BB87290AA54F00706589 /* QiitaAPITestUITests */ = {
			isa = PBXGroup;
			children = (
				1AE1BB88290AA54F00706589 /* QiitaAPITestUITests.swift */,
				1AE1BB8A290AA54F00706589 /* QiitaAPITestUITestsLaunchTests.swift */,
			);
			path = QiitaAPITestUITests;
			sourceTree = "<group>";
		};
		1AE1BB97290AAB8800706589 /* Models */ = {
			isa = PBXGroup;
			children = (
				1AE1BB9A290AAC0300706589 /* QiitaAPIModel.swift */,
			);
			path = Models;
			sourceTree = "<group>";
		};
		1AE1BB98290AAB9700706589 /* Controllers */ = {
			isa = PBXGroup;
			children = (
				1AE1BB6B290AA54C00706589 /* ViewController.swift */,
			);
			path = Controllers;
			sourceTree = "<group>";
		};
		1AE1BB99290AABC500706589 /* Views */ = {
			isa = PBXGroup;
			children = (
				1AE1BB9C290ABF8D00706589 /* ListViewCell.swift */,
			);
			path = Views;
			sourceTree = "<group>";
		};
/* End PBXGroup section */

/* Begin PBXNativeTarget section */
		1AE1BB63290AA54C00706589 /* QiitaAPITest */ = {
			isa = PBXNativeTarget;
			buildConfigurationList = 1AE1BB8E290AA54F00706589 /* Build configuration list for PBXNativeTarget "QiitaAPITest" */;
			buildPhases = (
				1AE1BB60290AA54C00706589 /* Sources */,
				1AE1BB61290AA54C00706589 /* Frameworks */,
				1AE1BB62290AA54C00706589 /* Resources */,
			);
			buildRules = (
			);
			dependencies = (
			);
			name = QiitaAPITest;
			productName = QiitaAPITest;
			productReference = 1AE1BB64290AA54C00706589 /* QiitaAPITest.app */;
			productType = "com.apple.product-type.application";
		};
		1AE1BB79290AA54F00706589 /* QiitaAPITestTests */ = {
			isa = PBXNativeTarget;
			buildConfigurationList = 1AE1BB91290AA54F00706589 /* Build configuration list for PBXNativeTarget "QiitaAPITestTests" */;
			buildPhases = (
				1AE1BB76290AA54F00706589 /* Sources */,
				1AE1BB77290AA54F00706589 /* Frameworks */,
				1AE1BB78290AA54F00706589 /* Resources */,
			);
			buildRules = (
			);
			dependencies = (
				1AE1BB7C290AA54F00706589 /* PBXTargetDependency */,
			);
			name = QiitaAPITestTests;
			productName = QiitaAPITestTests;
			productReference = 1AE1BB7A290AA54F00706589 /* QiitaAPITestTests.xctest */;
			productType = "com.apple.product-type.bundle.unit-test";
		};
		1AE1BB83290AA54F00706589 /* QiitaAPITestUITests */ = {
			isa = PBXNativeTarget;
			buildConfigurationList = 1AE1BB94290AA54F00706589 /* Build configuration list for PBXNativeTarget "QiitaAPITestUITests" */;
			buildPhases = (
				1AE1BB80290AA54F00706589 /* Sources */,
				1AE1BB81290AA54F00706589 /* Frameworks */,
				1AE1BB82290AA54F00706589 /* Resources */,
			);
			buildRules = (
			);
			dependencies = (
				1AE1BB86290AA54F00706589 /* PBXTargetDependency */,
			);
			name = QiitaAPITestUITests;
			productName = QiitaAPITestUITests;
			productReference = 1AE1BB84290AA54F00706589 /* QiitaAPITestUITests.xctest */;
			productType = "com.apple.product-type.bundle.ui-testing";
		};
/* End PBXNativeTarget section */

/* Begin PBXProject section */
		1AE1BB5C290AA54C00706589 /* Project object */ = {
			isa = PBXProject;
			attributes = {
				BuildIndependentTargetsInParallel = 1;
				LastSwiftUpdateCheck = 1340;
				LastUpgradeCheck = 1340;
				TargetAttributes = {
					1AE1BB63290AA54C00706589 = {
						CreatedOnToolsVersion = 13.4.1;
					};
					1AE1BB79290AA54F00706589 = {
						CreatedOnToolsVersion = 13.4.1;
						TestTargetID = 1AE1BB63290AA54C00706589;
					};
					1AE1BB83290AA54F00706589 = {
						CreatedOnToolsVersion = 13.4.1;
						TestTargetID = 1AE1BB63290AA54C00706589;
					};
				};
			};
			buildConfigurationList = 1AE1BB5F290AA54C00706589 /* Build configuration list for PBXProject "QiitaAPITest" */;
			compatibilityVersion = "Xcode 13.0";
			developmentRegion = en;
			hasScannedForEncodings = 0;
			knownRegions = (
				en,
				Base,
			);
			mainGroup = 1AE1BB5B290AA54C00706589;
			productRefGroup = 1AE1BB65290AA54C00706589 /* Products */;
			projectDirPath = "";
			projectRoot = "";
			targets = (
				1AE1BB63290AA54C00706589 /* QiitaAPITest */,
				1AE1BB79290AA54F00706589 /* QiitaAPITestTests */,
				1AE1BB83290AA54F00706589 /* QiitaAPITestUITests */,
			);
		};
/* End PBXProject section */

/* Begin PBXResourcesBuildPhase section */
		1AE1BB62290AA54C00706589 /* Resources */ = {
			isa = PBXResourcesBuildPhase;
			buildActionMask = 2147483647;
			files = (
				1AE1BB74290AA54E00706589 /* LaunchScreen.storyboard in Resources */,
				1AE1BB71290AA54E00706589 /* Assets.xcassets in Resources */,
			);
			runOnlyForDeploymentPostprocessing = 0;
		};
		1AE1BB78290AA54F00706589 /* Resources */ = {
			isa = PBXResourcesBuildPhase;
			buildActionMask = 2147483647;
			files = (
			);
			runOnlyForDeploymentPostprocessing = 0;
		};
		1AE1BB82290AA54F00706589 /* Resources */ = {
			isa = PBXResourcesBuildPhase;
			buildActionMask = 2147483647;
			files = (
			);
			runOnlyForDeploymentPostprocessing = 0;
		};
/* End PBXResourcesBuildPhase section */

/* Begin PBXSourcesBuildPhase section */
		1AE1BB60290AA54C00706589 /* Sources */ = {
			isa = PBXSourcesBuildPhase;
			buildActionMask = 2147483647;
			files = (
				1AE1BB6C290AA54C00706589 /* ViewController.swift in Sources */,
				1AE1BB9B290AAC0300706589 /* QiitaAPIModel.swift in Sources */,
				1AE1BB9D290ABF8D00706589 /* ListViewCell.swift in Sources */,
				1AE1BB68290AA54C00706589 /* AppDelegate.swift in Sources */,
				1AE1BB6A290AA54C00706589 /* SceneDelegate.swift in Sources */,
			);
			runOnlyForDeploymentPostprocessing = 0;
		};
		1AE1BB76290AA54F00706589 /* Sources */ = {
			isa = PBXSourcesBuildPhase;
			buildActionMask = 2147483647;
			files = (
				1AE1BB7F290AA54F00706589 /* QiitaAPITestTests.swift in Sources */,
			);
			runOnlyForDeploymentPostprocessing = 0;
		};
		1AE1BB80290AA54F00706589 /* Sources */ = {
			isa = PBXSourcesBuildPhase;
			buildActionMask = 2147483647;
			files = (
				1AE1BB8B290AA54F00706589 /* QiitaAPITestUITestsLaunchTests.swift in Sources */,
				1AE1BB89290AA54F00706589 /* QiitaAPITestUITests.swift in Sources */,
			);
			runOnlyForDeploymentPostprocessing = 0;
		};
/* End PBXSourcesBuildPhase section */

/* Begin PBXTargetDependency section */
		1AE1BB7C290AA54F00706589 /* PBXTargetDependency */ = {
			isa = PBXTargetDependency;
			target = 1AE1BB63290AA54C00706589 /* QiitaAPITest */;
			targetProxy = 1AE1BB7B290AA54F00706589 /* PBXContainerItemProxy */;
		};
		1AE1BB86290AA54F00706589 /* PBXTargetDependency */ = {
			isa = PBXTargetDependency;
			target = 1AE1BB63290AA54C00706589 /* QiitaAPITest */;
			targetProxy = 1AE1BB85290AA54F00706589 /* PBXContainerItemProxy */;
		};
/* End PBXTargetDependency section */

/* Begin PBXVariantGroup section */
		1AE1BB72290AA54E00706589 /* LaunchScreen.storyboard */ = {
			isa = PBXVariantGroup;
			children = (
				1AE1BB73290AA54E00706589 /* Base */,
			);
			name = LaunchScreen.storyboard;
			sourceTree = "<group>";
		};
/* End PBXVariantGroup section */

/* Begin XCBuildConfiguration section */
		1AE1BB8C290AA54F00706589 /* Debug */ = {
			isa = XCBuildConfiguration;
			buildSettings = {
				ALWAYS_SEARCH_USER_PATHS = NO;
				CLANG_ANALYZER_NONNULL = YES;
				CLANG_ANALYZER_NUMBER_OBJECT_CONVERSION = YES_AGGRESSIVE;
				CLANG_CXX_LANGUAGE_STANDARD = "gnu++17";
				CLANG_ENABLE_MODULES = YES;
				CLANG_ENABLE_OBJC_ARC = YES;
				CLANG_ENABLE_OBJC_WEAK = YES;
				CLANG_WARN_BLOCK_CAPTURE_AUTORELEASING = YES;
				CLANG_WARN_BOOL_CONVERSION = YES;
				CLANG_WARN_COMMA = YES;
				CLANG_WARN_CONSTANT_CONVERSION = YES;
				CLANG_WARN_DEPRECATED_OBJC_IMPLEMENTATIONS = YES;
				CLANG_WARN_DIRECT_OBJC_ISA_USAGE = YES_ERROR;
				CLANG_WARN_DOCUMENTATION_COMMENTS = YES;
				CLANG_WARN_EMPTY_BODY = YES;
				CLANG_WARN_ENUM_CONVERSION = YES;
				CLANG_WARN_INFINITE_RECURSION = YES;
				CLANG_WARN_INT_CONVERSION = YES;
				CLANG_WARN_NON_LITERAL_NULL_CONVERSION = YES;
				CLANG_WARN_OBJC_IMPLICIT_RETAIN_SELF = YES;
				CLANG_WARN_OBJC_LITERAL_CONVERSION = YES;
				CLANG_WARN_OBJC_ROOT_CLASS = YES_ERROR;
				CLANG_WARN_QUOTED_INCLUDE_IN_FRAMEWORK_HEADER = YES;
				CLANG_WARN_RANGE_LOOP_ANALYSIS = YES;
				CLANG_WARN_STRICT_PROTOTYPES = YES;
				CLANG_WARN_SUSPICIOUS_MOVE = YES;
				CLANG_WARN_UNGUARDED_AVAILABILITY = YES_AGGRESSIVE;
				CLANG_WARN_UNREACHABLE_CODE = YES;
				CLANG_WARN__DUPLICATE_METHOD_MATCH = YES;
				COPY_PHASE_STRIP = NO;
				DEBUG_INFORMATION_FORMAT = dwarf;
				ENABLE_STRICT_OBJC_MSGSEND = YES;
				ENABLE_TESTABILITY = YES;
				GCC_C_LANGUAGE_STANDARD = gnu11;
				GCC_DYNAMIC_NO_PIC = NO;
				GCC_NO_COMMON_BLOCKS = YES;
				GCC_OPTIMIZATION_LEVEL = 0;
				GCC_PREPROCESSOR_DEFINITIONS = (
					"DEBUG=1",
					"$(inherited)",
				);
				GCC_WARN_64_TO_32_BIT_CONVERSION = YES;
				GCC_WARN_ABOUT_RETURN_TYPE = YES_ERROR;
				GCC_WARN_UNDECLARED_SELECTOR = YES;
				GCC_WARN_UNINITIALIZED_AUTOS = YES_AGGRESSIVE;
				GCC_WARN_UNUSED_FUNCTION = YES;
				GCC_WARN_UNUSED_VARIABLE = YES;
				IPHONEOS_DEPLOYMENT_TARGET = 15.5;
				MTL_ENABLE_DEBUG_INFO = INCLUDE_SOURCE;
				MTL_FAST_MATH = YES;
				ONLY_ACTIVE_ARCH = YES;
				SDKROOT = iphoneos;
				SWIFT_ACTIVE_COMPILATION_CONDITIONS = DEBUG;
				SWIFT_OPTIMIZATION_LEVEL = "-Onone";
			};
			name = Debug;
		};
		1AE1BB8D290AA54F00706589 /* Release */ = {
			isa = XCBuildConfiguration;
			buildSettings = {
				ALWAYS_SEARCH_USER_PATHS = NO;
				CLANG_ANALYZER_NONNULL = YES;
				CLANG_ANALYZER_NUMBER_OBJECT_CONVERSION = YES_AGGRESSIVE;
				CLANG_CXX_LANGUAGE_STANDARD = "gnu++17";
				CLANG_ENABLE_MODULES = YES;
				CLANG_ENABLE_OBJC_ARC = YES;
				CLANG_ENABLE_OBJC_WEAK = YES;
				CLANG_WARN_BLOCK_CAPTURE_AUTORELEASING = YES;
				CLANG_WARN_BOOL_CONVERSION = YES;
				CLANG_WARN_COMMA = YES;
				CLANG_WARN_CONSTANT_CONVERSION = YES;
				CLANG_WARN_DEPRECATED_OBJC_IMPLEMENTATIONS = YES;
				CLANG_WARN_DIRECT_OBJC_ISA_USAGE = YES_ERROR;
				CLANG_WARN_DOCUMENTATION_COMMENTS = YES;
				CLANG_WARN_EMPTY_BODY = YES;
				CLANG_WARN_ENUM_CONVERSION = YES;
				CLANG_WARN_INFINITE_RECURSION = YES;
				CLANG_WARN_INT_CONVERSION = YES;
				CLANG_WARN_NON_LITERAL_NULL_CONVERSION = YES;
				CLANG_WARN_OBJC_IMPLICIT_RETAIN_SELF = YES;
				CLANG_WARN_OBJC_LITERAL_CONVERSION = YES;
				CLANG_WARN_OBJC_ROOT_CLASS = YES_ERROR;
				CLANG_WARN_QUOTED_INCLUDE_IN_FRAMEWORK_HEADER = YES;
				CLANG_WARN_RANGE_LOOP_ANALYSIS = YES;
				CLANG_WARN_STRICT_PROTOTYPES = YES;
				CLANG_WARN_SUSPICIOUS_MOVE = YES;
				CLANG_WARN_UNGUARDED_AVAILABILITY = YES_AGGRESSIVE;
				CLANG_WARN_UNREACHABLE_CODE = YES;
				CLANG_WARN__DUPLICATE_METHOD_MATCH = YES;
				COPY_PHASE_STRIP = NO;
				DEBUG_INFORMATION_FORMAT = "dwarf-with-dsym";
				ENABLE_NS_ASSERTIONS = NO;
				ENABLE_STRICT_OBJC_MSGSEND = YES;
				GCC_C_LANGUAGE_STANDARD = gnu11;
				GCC_NO_COMMON_BLOCKS = YES;
				GCC_WARN_64_TO_32_BIT_CONVERSION = YES;
				GCC_WARN_ABOUT_RETURN_TYPE = YES_ERROR;
				GCC_WARN_UNDECLARED_SELECTOR = YES;
				GCC_WARN_UNINITIALIZED_AUTOS = YES_AGGRESSIVE;
				GCC_WARN_UNUSED_FUNCTION = YES;
				GCC_WARN_UNUSED_VARIABLE = YES;
				IPHONEOS_DEPLOYMENT_TARGET = 15.5;
				MTL_ENABLE_DEBUG_INFO = NO;
				MTL_FAST_MATH = YES;
				SDKROOT = iphoneos;
				SWIFT_COMPILATION_MODE = wholemodule;
				SWIFT_OPTIMIZATION_LEVEL = "-O";
				VALIDATE_PRODUCT = YES;
			};
			name = Release;
		};
		1AE1BB8F290AA54F00706589 /* Debug */ = {
			isa = XCBuildConfiguration;
			buildSettings = {
				ASSETCATALOG_COMPILER_APPICON_NAME = AppIcon;
				ASSETCATALOG_COMPILER_GLOBAL_ACCENT_COLOR_NAME = AccentColor;
				CODE_SIGN_STYLE = Automatic;
				CURRENT_PROJECT_VERSION = 1;
				DEVELOPMENT_TEAM = YA5HXFT63V;
				GENERATE_INFOPLIST_FILE = YES;
				INFOPLIST_FILE = QiitaAPITest/Info.plist;
				INFOPLIST_KEY_UIApplicationSupportsIndirectInputEvents = YES;
				INFOPLIST_KEY_UILaunchStoryboardName = LaunchScreen;
				INFOPLIST_KEY_UISupportedInterfaceOrientations_iPad = "UIInterfaceOrientationPortrait UIInterfaceOrientationPortraitUpsideDown UIInterfaceOrientationLandscapeLeft UIInterfaceOrientationLandscapeRight";
				INFOPLIST_KEY_UISupportedInterfaceOrientations_iPhone = "UIInterfaceOrientationPortrait UIInterfaceOrientationLandscapeLeft UIInterfaceOrientationLandscapeRight";
				LD_RUNPATH_SEARCH_PATHS = (
					"$(inherited)",
					"@executable_path/Frameworks",
				);
				MARKETING_VERSION = 1.0;
				PRODUCT_BUNDLE_IDENTIFIER = sho.QiitaAPITest;
				PRODUCT_NAME = "$(TARGET_NAME)";
				SWIFT_EMIT_LOC_STRINGS = YES;
				SWIFT_VERSION = 5.0;
				TARGETED_DEVICE_FAMILY = "1,2";
			};
			name = Debug;
		};
		1AE1BB90290AA54F00706589 /* Release */ = {
			isa = XCBuildConfiguration;
			buildSettings = {
				ASSETCATALOG_COMPILER_APPICON_NAME = AppIcon;
				ASSETCATALOG_COMPILER_GLOBAL_ACCENT_COLOR_NAME = AccentColor;
				CODE_SIGN_STYLE = Automatic;
				CURRENT_PROJECT_VERSION = 1;
				DEVELOPMENT_TEAM = YA5HXFT63V;
				GENERATE_INFOPLIST_FILE = YES;
				INFOPLIST_FILE = QiitaAPITest/Info.plist;
				INFOPLIST_KEY_UIApplicationSupportsIndirectInputEvents = YES;
				INFOPLIST_KEY_UILaunchStoryboardName = LaunchScreen;
				INFOPLIST_KEY_UISupportedInterfaceOrientations_iPad = "UIInterfaceOrientationPortrait UIInterfaceOrientationPortraitUpsideDown UIInterfaceOrientationLandscapeLeft UIInterfaceOrientationLandscapeRight";
				INFOPLIST_KEY_UISupportedInterfaceOrientations_iPhone = "UIInterfaceOrientationPortrait UIInterfaceOrientationLandscapeLeft UIInterfaceOrientationLandscapeRight";
				LD_RUNPATH_SEARCH_PATHS = (
					"$(inherited)",
					"@executable_path/Frameworks",
				);
				MARKETING_VERSION = 1.0;
				PRODUCT_BUNDLE_IDENTIFIER = sho.QiitaAPITest;
				PRODUCT_NAME = "$(TARGET_NAME)";
				SWIFT_EMIT_LOC_STRINGS = YES;
				SWIFT_VERSION = 5.0;
				TARGETED_DEVICE_FAMILY = "1,2";
			};
			name = Release;
		};
		1AE1BB92290AA54F00706589 /* Debug */ = {
			isa = XCBuildConfiguration;
			buildSettings = {
				ALWAYS_EMBED_SWIFT_STANDARD_LIBRARIES = YES;
				BUNDLE_LOADER = "$(TEST_HOST)";
				CODE_SIGN_STYLE = Automatic;
				CURRENT_PROJECT_VERSION = 1;
				DEVELOPMENT_TEAM = YA5HXFT63V;
				GENERATE_INFOPLIST_FILE = YES;
				IPHONEOS_DEPLOYMENT_TARGET = 15.5;
				MARKETING_VERSION = 1.0;
				PRODUCT_BUNDLE_IDENTIFIER = sho.QiitaAPITestTests;
				PRODUCT_NAME = "$(TARGET_NAME)";
				SWIFT_EMIT_LOC_STRINGS = NO;
				SWIFT_VERSION = 5.0;
				TARGETED_DEVICE_FAMILY = "1,2";
				TEST_HOST = "$(BUILT_PRODUCTS_DIR)/QiitaAPITest.app/QiitaAPITest";
			};
			name = Debug;
		};
		1AE1BB93290AA54F00706589 /* Release */ = {
			isa = XCBuildConfiguration;
			buildSettings = {
				ALWAYS_EMBED_SWIFT_STANDARD_LIBRARIES = YES;
				BUNDLE_LOADER = "$(TEST_HOST)";
				CODE_SIGN_STYLE = Automatic;
				CURRENT_PROJECT_VERSION = 1;
				DEVELOPMENT_TEAM = YA5HXFT63V;
				GENERATE_INFOPLIST_FILE = YES;
				IPHONEOS_DEPLOYMENT_TARGET = 15.5;
				MARKETING_VERSION = 1.0;
				PRODUCT_BUNDLE_IDENTIFIER = sho.QiitaAPITestTests;
				PRODUCT_NAME = "$(TARGET_NAME)";
				SWIFT_EMIT_LOC_STRINGS = NO;
				SWIFT_VERSION = 5.0;
				TARGETED_DEVICE_FAMILY = "1,2";
				TEST_HOST = "$(BUILT_PRODUCTS_DIR)/QiitaAPITest.app/QiitaAPITest";
			};
			name = Release;
		};
		1AE1BB95290AA54F00706589 /* Debug */ = {
			isa = XCBuildConfiguration;
			buildSettings = {
				ALWAYS_EMBED_SWIFT_STANDARD_LIBRARIES = YES;
				CODE_SIGN_STYLE = Automatic;
				CURRENT_PROJECT_VERSION = 1;
				DEVELOPMENT_TEAM = YA5HXFT63V;
				GENERATE_INFOPLIST_FILE = YES;
				MARKETING_VERSION = 1.0;
				PRODUCT_BUNDLE_IDENTIFIER = sho.QiitaAPITestUITests;
				PRODUCT_NAME = "$(TARGET_NAME)";
				SWIFT_EMIT_LOC_STRINGS = NO;
				SWIFT_VERSION = 5.0;
				TARGETED_DEVICE_FAMILY = "1,2";
				TEST_TARGET_NAME = QiitaAPITest;
			};
			name = Debug;
		};
		1AE1BB96290AA54F00706589 /* Release */ = {
			isa = XCBuildConfiguration;
			buildSettings = {
				ALWAYS_EMBED_SWIFT_STANDARD_LIBRARIES = YES;
				CODE_SIGN_STYLE = Automatic;
				CURRENT_PROJECT_VERSION = 1;
				DEVELOPMENT_TEAM = YA5HXFT63V;
				GENERATE_INFOPLIST_FILE = YES;
				MARKETING_VERSION = 1.0;
				PRODUCT_BUNDLE_IDENTIFIER = sho.QiitaAPITestUITests;
				PRODUCT_NAME = "$(TARGET_NAME)";
				SWIFT_EMIT_LOC_STRINGS = NO;
				SWIFT_VERSION = 5.0;
				TARGETED_DEVICE_FAMILY = "1,2";
				TEST_TARGET_NAME = QiitaAPITest;
			};
			name = Release;
		};
/* End XCBuildConfiguration section */

/* Begin XCConfigurationList section */
		1AE1BB5F290AA54C00706589 /* Build configuration list for PBXProject "QiitaAPITest" */ = {
			isa = XCConfigurationList;
			buildConfigurations = (
				1AE1BB8C290AA54F00706589 /* Debug */,
				1AE1BB8D290AA54F00706589 /* Release */,
			);
			defaultConfigurationIsVisible = 0;
			defaultConfigurationName = Release;
		};
		1AE1BB8E290AA54F00706589 /* Build configuration list for PBXNativeTarget "QiitaAPITest" */ = {
			isa = XCConfigurationList;
			buildConfigurations = (
				1AE1BB8F290AA54F00706589 /* Debug */,
				1AE1BB90290AA54F00706589 /* Release */,
			);
			defaultConfigurationIsVisible = 0;
			defaultConfigurationName = Release;
		};
		1AE1BB91290AA54F00706589 /* Build configuration list for PBXNativeTarget "QiitaAPITestTests" */ = {
			isa = XCConfigurationList;
			buildConfigurations = (
				1AE1BB92290AA54F00706589 /* Debug */,
				1AE1BB93290AA54F00706589 /* Release */,
			);
			defaultConfigurationIsVisible = 0;
			defaultConfigurationName = Release;
		};
		1AE1BB94290AA54F00706589 /* Build configuration list for PBXNativeTarget "QiitaAPITestUITests" */ = {
			isa = XCConfigurationList;
			buildConfigurations = (
				1AE1BB95290AA54F00706589 /* Debug */,
				1AE1BB96290AA54F00706589 /* Release */,
			);
			defaultConfigurationIsVisible = 0;
			defaultConfigurationName = Release;
		};
/* End XCConfigurationList section */
	};
	rootObject = 1AE1BB5C290AA54C00706589 /* Project object */;
}
